
Microsoft Visual Studio Solution File, Format Version 12.00
# Visual Studio 15
VisualStudioVersion = 15.0.27130.0
MinimumVisualStudioVersion = 10.0.40219.1
Project("{9092AA53-FB77-4645-B42D-1CCCA6BD08BD}") = "AngularTesting", "AngularTesting\AngularTesting.njsproj", "{618C1C68-E8CB-4073-8D2E-E9C315E5214C}"
EndProject
Global
	GlobalSection(SolutionConfigurationPlatforms) = preSolution
		Debug|Any CPU = Debug|Any CPU
		Release|Any CPU = Release|Any CPU
	EndGlobalSection
	GlobalSection(ProjectConfigurationPlatforms) = postSolution
		{618C1C68-E8CB-4073-8D2E-E9C315E5214C}.Debug|Any CPU.ActiveCfg = Debug|Any CPU
		{618C1C68-E8CB-4073-8D2E-E9C315E5214C}.Debug|Any CPU.Build.0 = Debug|Any CPU
		{618C1C68-E8CB-4073-8D2E-E9C315E5214C}.Release|Any CPU.ActiveCfg = Release|Any CPU
		{618C1C68-E8CB-4073-8D2E-E9C315E5214C}.Release|Any CPU.Build.0 = Release|Any CPU
	EndGlobalSection
	GlobalSection(SolutionProperties) = preSolution
		HideSolutionNode = FALSE
	EndGlobalSection
	GlobalSection(ExtensibilityGlobals) = postSolution
		SolutionGuid = {FF5E3641-5CF0-43B9-8C26-A3A812486C7D}
	EndGlobalSection
EndGlobal
